{
  "nodes": {
    "advent-of-code": {
      "inputs": {
        "flake-utils": "flake-utils",
        "nixpkgs": "nixpkgs"
      },
      "locked": {
        "lastModified": 1649366638,
        "narHash": "sha256-XaxtBKBfkGdJCnVay1rpMUp/DVZ0N7N2TMlQpBOud1g=",
        "owner": "pnotequalnp",
        "repo": "advent-of-code",
        "rev": "30b640fd881b5f07a686f66004fe72440e57bbf8",
        "type": "github"
      },
      "original": {
        "owner": "pnotequalnp",
        "repo": "advent-of-code",
        "type": "github"
      }
    },
    "flake-utils": {
      "locked": {
        "lastModified": 1644229661,
        "narHash": "sha256-1YdnJAsNy69bpcjuoKdOYQX0YxZBiCYZo4Twxerqv7k=",
        "owner": "numtide",
        "repo": "flake-utils",
        "rev": "3cecb5b042f7f209c56ffd8371b2711a290ec797",
        "type": "github"
      },
      "original": {
        "owner": "numtide",
        "repo": "flake-utils",
        "type": "github"
      }
    },
    "flake-utils_2": {
      "locked": {
        "lastModified": 1644229661,
        "narHash": "sha256-1YdnJAsNy69bpcjuoKdOYQX0YxZBiCYZo4Twxerqv7k=",
        "owner": "numtide",
        "repo": "flake-utils",
        "rev": "3cecb5b042f7f209c56ffd8371b2711a290ec797",
        "type": "github"
      },
      "original": {
        "owner": "numtide",
        "repo": "flake-utils",
        "type": "github"
      }
    },
    "nixpkgs": {
      "locked": {
        "lastModified": 1646776330,
        "narHash": "sha256-nqr6ROq4ZXKkGoYXLTwZ1Vh99INnalL8F7DKquofOBw=",
        "owner": "NixOS",
        "repo": "nixpkgs",
        "rev": "c8b5c9526415905e90e3a64586ebecc55a2827dd",
        "type": "github"
      },
      "original": {
        "id": "nixpkgs",
        "ref": "master",
        "type": "indirect"
      }
    },
    "nixpkgs_2": {
      "locked": {
        "lastModified": 1646776330,
        "narHash": "sha256-nqr6ROq4ZXKkGoYXLTwZ1Vh99INnalL8F7DKquofOBw=",
        "owner": "NixOS",
        "repo": "nixpkgs",
        "rev": "c8b5c9526415905e90e3a64586ebecc55a2827dd",
        "type": "github"
      },
      "original": {
        "id": "nixpkgs",
        "ref": "master",
        "type": "indirect"
      }
    },
    "root": {
      "inputs": {
        "advent-of-code": "advent-of-code",
        "flake-utils": "flake-utils_2",
        "nixpkgs": "nixpkgs_2"
      }
    }
  },
  "root": "root",
  "version": 7
}
